
Terraform used the selected providers to generate the following execution
plan. Resource actions are indicated with the following symbols:
  + create

Terraform will perform the following actions:

  # aws_s3_bucket.aialpha_results will be created
  + resource "aws_s3_bucket" "aialpha_results" {
      + acceleration_status         = (known after apply)
      + acl                         = "private"
      + arn                         = (known after apply)
      + bucket                      = "kandidat-<dittkandidatnr>-data"
      + bucket_domain_name          = (known after apply)
      + bucket_prefix               = (known after apply)
      + bucket_region               = (known after apply)
      + bucket_regional_domain_name = (known after apply)
      + force_destroy               = false
      + hosted_zone_id              = (known after apply)
      + id                          = (known after apply)
      + object_lock_enabled         = (known after apply)
      + policy                      = (known after apply)
      + region                      = "eu-west-1"
      + request_payer               = (known after apply)
      + tags                        = {
          + "Owner"   = "Kandidat"
          + "Project" = "AiAlpha"
        }
      + tags_all                    = {
          + "Owner"   = "Kandidat"
          + "Project" = "AiAlpha"
        }
      + website_domain              = (known after apply)
      + website_endpoint            = (known after apply)

      + lifecycle_rule {
          + enabled = true
          + id      = "temporary-files"
          + prefix  = "midlertidig/"

          + expiration {
              + days = 30
            }

          + transition {
              + days          = 30
              + storage_class = "STANDARD_IA"
            }
        }

      + server_side_encryption_configuration {
          + rule {
              + apply_server_side_encryption_by_default {
                  + sse_algorithm = "AES256"
                }
            }
        }

      + versioning {
          + enabled    = true
          + mfa_delete = false
        }
    }

Plan: 1 to add, 0 to change, 0 to destroy.

Changes to Outputs:
  + bucket_arn  = (known after apply)
  + bucket_name = (known after apply)
